// !$*UTF8*$!
{
	archiveVersion = 1;
	classes = {
	};
	objectVersion = 46;
	objects = {

/* Begin PBXBuildFile section */
		4C5AD4F61CCEA9EE005BEC24 /* AppDelegate.swift in Sources */ = {isa = PBXBuildFile; fileRef = 4C5AD4F51CCEA9EE005BEC24 /* AppDelegate.swift */; };
		4C5AD4F81CCEA9EE005BEC24 /* ViewController.swift in Sources */ = {isa = PBXBuildFile; fileRef = 4C5AD4F71CCEA9EE005BEC24 /* ViewController.swift */; };
		4C5AD4FB1CCEA9EE005BEC24 /* Main.storyboard in Resources */ = {isa = PBXBuildFile; fileRef = 4C5AD4F91CCEA9EE005BEC24 /* Main.storyboard */; };
		4C5AD4FD1CCEA9EE005BEC24 /* Assets.xcassets in Resources */ = {isa = PBXBuildFile; fileRef = 4C5AD4FC1CCEA9EE005BEC24 /* Assets.xcassets */; };
		4C5AD5001CCEA9EE005BEC24 /* LaunchScreen.storyboard in Resources */ = {isa = PBXBuildFile; fileRef = 4C5AD4FE1CCEA9EE005BEC24 /* LaunchScreen.storyboard */; };
/* End PBXBuildFile section */

/* Begin PBXFileReference section */
		4C5AD4F21CCEA9EE005BEC24 /* TestX.app */ = {isa = PBXFileReference; explicitFileType = wrapper.application; includeInIndex = 0; path = TestX.app; sourceTree = BUILT_PRODUCTS_DIR; };
		4C5AD4F51CCEA9EE005BEC24 /* AppDelegate.swift */ = {isa = PBXFileReference; lastKnownFileType = sourcecode.swift; path = AppDelegate.swift; sourceTree = "<group>"; };
		4C5AD4F71CCEA9EE005BEC24 /* ViewController.swift */ = {isa = PBXFileReference; lastKnownFileType = sourcecode.swift; path = ViewController.swift; sourceTree = "<group>"; };
		4C5AD4FA1CCEA9EE005BEC24 /* Base */ = {isa = PBXFileReference; lastKnownFileType = file.storyboard; name = Base; path = Base.lproj/Main.storyboard; sourceTree = "<group>"; };
		4C5AD4FC1CCEA9EE005BEC24 /* Assets.xcassets */ = {isa = PBXFileReference; lastKnownFileType = folder.assetcatalog; path = Assets.xcassets; sourceTree = "<group>"; };
		4C5AD4FF1CCEA9EE005BEC24 /* Base */ = {isa = PBXFileReference; lastKnownFileType = file.storyboard; name = Base; path = Base.lproj/LaunchScreen.storyboard; sourceTree = "<group>"; };
		4C5AD5011CCEA9EE005BEC24 /* Info.plist */ = {isa = PBXFileReference; lastKnownFileType = text.plist.xml; path = Info.plist; sourceTree = "<group>"; };
/* End PBXFileReference section */

/* Begin PBXFrameworksBuildPhase section */
		4C5AD4EF1CCEA9EE005BEC24 /* Frameworks */ = {
			isa = PBXFrameworksBuildPhase;
			buildActionMask = 2147483647;
			files = (
			);
			runOnlyForDeploymentPostprocessing = 0;
		};
/* End PBXFrameworksBuildPhase section */

/* Begin PBXGroup section */
		4C5AD4E91CCEA9EE005BEC24 = {
			isa = PBXGroup;
			children = (
				4C5AD4F41CCEA9EE005BEC24 /* TestX */,
				4C5AD4F31CCEA9EE005BEC24 /* Products */,
			);
			sourceTree = "<group>";
		};
		4C5AD4F31CCEA9EE005BEC24 /* Products */ = {
			isa = PBXGroup;
			children = (
				4C5AD4F21CCEA9EE005BEC24 /* TestX.app */,
			);
			name = Products;
			sourceTree = "<group>";
		};
		4C5AD4F41CCEA9EE005BEC24 /* TestX */ = {
			isa = PBXGroup;
			children = (
				4C5AD4F51CCEA9EE005BEC24 /* AppDelegate.swift */,
				4C5AD4F71CCEA9EE005BEC24 /* ViewController.swift */,
				4C5AD4F91CCEA9EE005BEC24 /* Main.storyboard */,
				4C5AD4FC1CCEA9EE005BEC24 /* Assets.xcassets */,
				4C5AD4FE1CCEA9EE005BEC24 /* LaunchScreen.storyboard */,
				4C5AD5011CCEA9EE005BEC24 /* Info.plist */,
			);
			path = TestX;
			sourceTree = "<group>";
		};
/* End PBXGroup section */

/* Begin PBXNativeTarget section */
		4C5AD4F11CCEA9EE005BEC24 /* TestX */ = {
			isa = PBXNativeTarget;
			buildConfigurationList = 4C5AD5041CCEA9EE005BEC24 /* Build configuration list for PBXNativeTarget "TestX" */;
			buildPhases = (
				4C5AD4EE1CCEA9EE005BEC24 /* Sources */,
				4C5AD4EF1CCEA9EE005BEC24 /* Frameworks */,
				4C5AD4F01CCEA9EE005BEC24 /* Resources */,
			);
			buildRules = (
			);
			dependencies = (
			);
			name = TestX;
			productName = TestX;
			productReference = 4C5AD4F21CCEA9EE005BEC24 /* TestX.app */;
			productType = "com.apple.product-type.application";
		};
/* End PBXNativeTarget section */

/* Begin PBXProject section */
		4C5AD4EA1CCEA9EE005BEC24 /* Project object */ = {
			isa = PBXProject;
			attributes = {
				LastSwiftUpdateCheck = 0720;
				LastUpgradeCheck = 0720;
				ORGANIZATIONNAME = "Michael Sutton";
				TargetAttributes = {
					4C5AD4F11CCEA9EE005BEC24 = {
						CreatedOnToolsVersion = 7.2.1;
					};
				};
			};
			buildConfigurationList = 4C5AD4ED1CCEA9EE005BEC24 /* Build configuration list for PBXProject "TestX" */;
			compatibilityVersion = "Xcode 3.2";
			developmentRegion = English;
			hasScannedForEncodings = 0;
			knownRegions = (
				en,
				Base,
			);
			mainGroup = 4C5AD4E91CCEA9EE005BEC24;
			productRefGroup = 4C5AD4F31CCEA9EE005BEC24 /* Products */;
			projectDirPath = "";
			projectRoot = "";
			targets = (
				4C5AD4F11CCEA9EE005BEC24 /* TestX */,
			);
		};
/* End PBXProject section */

/* Begin PBXResourcesBuildPhase section */
		4C5AD4F01CCEA9EE005BEC24 /* Resources */ = {
			isa = PBXResourcesBuildPhase;
			buildActionMask = 2147483647;
			files = (
				4C5AD5001CCEA9EE005BEC24 /* LaunchScreen.storyboard in Resources */,
				4C5AD4FD1CCEA9EE005BEC24 /* Assets.xcassets in Resources */,
				4C5AD4FB1CCEA9EE005BEC24 /* Main.storyboard in Resources */,
			);
			runOnlyForDeploymentPostprocessing = 0;
		};
/* End PBXResourcesBuildPhase section */

/* Begin PBXSourcesBuildPhase section */
		4C5AD4EE1CCEA9EE005BEC24 /* Sources */ = {
			isa = PBXSourcesBuildPhase;
			buildActionMask = 2147483647;
			files = (
				4C5AD4F81CCEA9EE005BEC24 /* ViewController.swift in Sources */,
				4C5AD4F61CCEA9EE005BEC24 /* AppDelegate.swift in Sources */,
			);
			runOnlyForDeploymentPostprocessing = 0;
		};
/* End PBXSourcesBuildPhase section */

/* Begin PBXVariantGroup section */
		4C5AD4F91CCEA9EE005BEC24 /* Main.storyboard */ = {
			isa = PBXVariantGroup;
			children = (
				4C5AD4FA1CCEA9EE005BEC24 /* Base */,
			);
			name = Main.storyboard;
			sourceTree = "<group>";
		};
		4C5AD4FE1CCEA9EE005BEC24 /* LaunchScreen.storyboard */ = {
			isa = PBXVariantGroup;
			children = (
				4C5AD4FF1CCEA9EE005BEC24 /* Base */,
			);
			name = LaunchScreen.storyboard;
			sourceTree = "<group>";
		};
/* End PBXVariantGroup section */

/* Begin XCBuildConfiguration section */
		4C5AD5021CCEA9EE005BEC24 /* Debug */ = {
			isa = XCBuildConfiguration;
			buildSettings = {
				ALWAYS_SEARCH_USER_PATHS = NO;
				CLANG_CXX_LANGUAGE_STANDARD = "gnu++0x";
				CLANG_CXX_LIBRARY = "libc++";
				CLANG_ENABLE_MODULES = YES;
				CLANG_ENABLE_OBJC_ARC = YES;
				CLANG_WARN_BOOL_CONVERSION = YES;
				CLANG_WARN_CONSTANT_CONVERSION = YES;
				CLANG_WARN_DIRECT_OBJC_ISA_USAGE = YES_ERROR;
				CLANG_WARN_EMPTY_BODY = YES;
				CLANG_WARN_ENUM_CONVERSION = YES;
				CLANG_WARN_INT_CONVERSION = YES;
				CLANG_WARN_OBJC_ROOT_CLASS = YES_ERROR;
				CLANG_WARN_UNREACHABLE_CODE = YES;
				CLANG_WARN__DUPLICATE_METHOD_MATCH = YES;
				"CODE_SIGN_IDENTITY[sdk=iphoneos*]" = "iPhone Developer";
				COPY_PHASE_STRIP = NO;
				DEBUG_INFORMATION_FORMAT = dwarf;
				ENABLE_STRICT_OBJC_MSGSEND = YES;
				ENABLE_TESTABILITY = YES;
				GCC_C_LANGUAGE_STANDARD = gnu99;
				GCC_DYNAMIC_NO_PIC = NO;
				GCC_NO_COMMON_BLOCKS = YES;
				GCC_OPTIMIZATION_LEVEL = 0;
				GCC_PREPROCESSOR_DEFINITIONS = (
					"DEBUG=1",
					"$(inherited)",
				);
				GCC_WARN_64_TO_32_BIT_CONVERSION = YES;
				GCC_WARN_ABOUT_RETURN_TYPE = YES_ERROR;
				GCC_WARN_UNDECLARED_SELECTOR = YES;
				GCC_WARN_UNINITIALIZED_AUTOS = YES_AGGRESSIVE;
				GCC_WARN_UNUSED_FUNCTION = YES;
				GCC_WARN_UNUSED_VARIABLE = YES;
				IPHONEOS_DEPLOYMENT_TARGET = 9.2;
				MTL_ENABLE_DEBUG_INFO = YES;
				ONLY_ACTIVE_ARCH = YES;
				SDKROOT = iphoneos;
				SWIFT_OPTIMIZATION_LEVEL = "-Onone";
			};
			name = Debug;
		};
		4C5AD5031CCEA9EE005BEC24 /* Release */ = {
			isa = XCBuildConfiguration;
			buildSettings = {
				ALWAYS_SEARCH_USER_PATHS = NO;
				CLANG_CXX_LANGUAGE_STANDARD = "gnu++0x";
				CLANG_CXX_LIBRARY = "libc++";
				CLANG_ENABLE_MODULES = YES;
				CLANG_ENABLE_OBJC_ARC = YES;
				CLANG_WARN_BOOL_CONVERSION = YES;
				CLANG_WARN_CONSTANT_CONVERSION = YES;
				CLANG_WARN_DIRECT_OBJC_ISA_USAGE = YES_ERROR;
				CLANG_WARN_EMPTY_BODY = YES;
				CLANG_WARN_ENUM_CONVERSION = YES;
				CLANG_WARN_INT_CONVERSION = YES;
				CLANG_WARN_OBJC_ROOT_CLASS = YES_ERROR;
				CLANG_WARN_UNREACHABLE_CODE = YES;
				CLANG_WARN__DUPLICATE_METHOD_MATCH = YES;
				"CODE_SIGN_IDENTITY[sdk=iphoneos*]" = "iPhone Developer";
				COPY_PHASE_STRIP = NO;
				DEBUG_INFORMATION_FORMAT = "dwarf-with-dsym";
				ENABLE_NS_ASSERTIONS = NO;
				ENABLE_STRICT_OBJC_MSGSEND = YES;
				GCC_C_LANGUAGE_STANDARD = gnu99;
				GCC_NO_COMMON_BLOCKS = YES;
				GCC_WARN_64_TO_32_BIT_CONVERSION = YES;
				GCC_WARN_ABOUT_RETURN_TYPE = YES_ERROR;
				GCC_WARN_UNDECLARED_SELECTOR = YES;
				GCC_WARN_UNINITIALIZED_AUTOS = YES_AGGRESSIVE;
				GCC_WARN_UNUSED_FUNCTION = YES;
				GCC_WARN_UNUSED_VARIABLE = YES;
				IPHONEOS_DEPLOYMENT_TARGET = 9.2;
				MTL_ENABLE_DEBUG_INFO = NO;
				SDKROOT = iphoneos;
				VALIDATE_PRODUCT = YES;
			};
			name = Release;
		};
		4C5AD5051CCEA9EE005BEC24 /* Debug */ = {
			isa = XCBuildConfiguration;
			buildSettings = {
				ASSETCATALOG_COMPILER_APPICON_NAME = AppIcon;
				INFOPLIST_FILE = TestX/Info.plist;
				LD_RUNPATH_SEARCH_PATHS = "$(inherited) @executable_path/Frameworks";
				PRODUCT_BUNDLE_IDENTIFIER = com.radicalsky.TestX;
				PRODUCT_NAME = "$(TARGET_NAME)";
			};
			name = Debug;
		};
		4C5AD5061CCEA9EE005BEC24 /* Release */ = {
			isa = XCBuildConfiguration;
			buildSettings = {
				ASSETCATALOG_COMPILER_APPICON_NAME = AppIcon;
				INFOPLIST_FILE = TestX/Info.plist;
				LD_RUNPATH_SEARCH_PATHS = "$(inherited) @executable_path/Frameworks";
				PRODUCT_BUNDLE_IDENTIFIER = com.radicalsky.TestX;
				PRODUCT_NAME = "$(TARGET_NAME)";
			};
			name = Release;
		};
/* End XCBuildConfiguration section */

/* Begin XCConfigurationList section */
		4C5AD4ED1CCEA9EE005BEC24 /* Build configuration list for PBXProject "TestX" */ = {
			isa = XCConfigurationList;
			buildConfigurations = (
				4C5AD5021CCEA9EE005BEC24 /* Debug */,
				4C5AD5031CCEA9EE005BEC24 /* Release */,
			);
			defaultConfigurationIsVisible = 0;
			defaultConfigurationName = Release;
		};
		4C5AD5041CCEA9EE005BEC24 /* Build configuration list for PBXNativeTarget "TestX" */ = {
			isa = XCConfigurationList;
			buildConfigurations = (
				4C5AD5051CCEA9EE005BEC24 /* Debug */,
				4C5AD5061CCEA9EE005BEC24 /* Release */,
			);
			defaultConfigurationIsVisible = 0;
		};
/* End XCConfigurationList section */
	};
	rootObject = 4C5AD4EA1CCEA9EE005BEC24 /* Project object */;
}
